<?xml version="1.0" encoding="utf-8"?>
<Project ToolsVersion="4.0" xmlns="http://schemas.microsoft.com/developer/msbuild/2003">
  <ItemGroup>
    <Filter Include="LinkedList">
      <UniqueIdentifier>{31f7f1ad-733e-4c78-bff6-5faeb3e8a189}</UniqueIdentifier>
    </Filter>
    <Filter Include="Arr">
      <UniqueIdentifier>{de2c8023-1356-4a95-b3b5-6f71bf6095a2}</UniqueIdentifier>
    </Filter>
    <Filter Include="가변배열,정렬테스터">
      <UniqueIdentifier>{6532df3f-2976-41b8-9cb1-9d2f6d7d2517}</UniqueIdentifier>
    </Filter>
    <Filter Include="BST">
      <UniqueIdentifier>{9007975f-8d79-446f-9887-b6c6b4c85cc8}</UniqueIdentifier>
    </Filter>
  </ItemGroup>
  <ItemGroup>
    <ClCompile Include="main.cpp" />
    <ClCompile Include="2.cpp" />
    <ClCompile Include="3.cpp" />
    <ClCompile Include="4.cpp" />
    <ClCompile Include="LinkedList.cpp">
      <Filter>LinkedList</Filter>
    </ClCompile>
    <ClCompile Include="Arr.cpp">
      <Filter>Arr</Filter>
    </ClCompile>
    <ClCompile Include="Arr_.cpp">
      <Filter>가변배열,정렬테스터</Filter>
    </ClCompile>
    <ClCompile Include="가변배열,정렬테스터.cpp">
      <Filter>가변배열,정렬테스터</Filter>
    </ClCompile>
    <ClCompile Include="문자열과제풀이.cpp" />
    <ClCompile Include="6.cpp" />
    <ClCompile Include="7.cpp" />
    <ClCompile Include="8.cpp" />
    <ClCompile Include="9.cpp" />
    <ClCompile Include="10.cpp" />
    <ClCompile Include="11.cpp" />
    <ClCompile Include="12.cpp" />
    <ClCompile Include="function.cpp" />
    <ClCompile Include="13.cpp" />
    <ClCompile Include="14.cpp" />
    <ClCompile Include="15.cpp" />
    <ClCompile Include="16.cpp" />
  </ItemGroup>
  <ItemGroup>
    <ClInclude Include="LinkedList.h">
      <Filter>LinkedList</Filter>
    </ClInclude>
    <ClInclude Include="Arr.h">
      <Filter>Arr</Filter>
    </ClInclude>
    <ClInclude Include="Arr_.h">
      <Filter>가변배열,정렬테스터</Filter>
    </ClInclude>
    <ClInclude Include="funtion.h" />
    <ClInclude Include="common.h" />
    <ClInclude Include="Carr.h">
      <Filter>가변배열,정렬테스터</Filter>
    </ClInclude>
    <ClInclude Include="cLinkedList.h">
      <Filter>LinkedList</Filter>
    </ClInclude>
    <ClInclude Include="cBST.h">
      <Filter>BST</Filter>
    </ClInclude>
  </ItemGroup>
</Project>